// !$*UTF8*$!
{
	archiveVersion = 1;
	classes = {
	};
	objectVersion = 50;
	objects = {

/* Begin PBXBuildFile section */
		520F6E0A2772540A0004ABDA /* SortTableViewCell.swift in Sources */ = {isa = PBXBuildFile; fileRef = 520F6E092772540A0004ABDA /* SortTableViewCell.swift */; };
		521902C327610EDD00B62853 /* AppDelegate.swift in Sources */ = {isa = PBXBuildFile; fileRef = 521902C227610EDD00B62853 /* AppDelegate.swift */; };
		521902C527610EDD00B62853 /* SceneDelegate.swift in Sources */ = {isa = PBXBuildFile; fileRef = 521902C427610EDD00B62853 /* SceneDelegate.swift */; };
		521902C727610EDD00B62853 /* ViewController.swift in Sources */ = {isa = PBXBuildFile; fileRef = 521902C627610EDD00B62853 /* ViewController.swift */; };
		521902CA27610EDD00B62853 /* Main.storyboard in Resources */ = {isa = PBXBuildFile; fileRef = 521902C827610EDD00B62853 /* Main.storyboard */; };
		521902CF27610EDD00B62853 /* Assets.xcassets in Resources */ = {isa = PBXBuildFile; fileRef = 521902CE27610EDD00B62853 /* Assets.xcassets */; };
		521902D227610EDD00B62853 /* LaunchScreen.storyboard in Resources */ = {isa = PBXBuildFile; fileRef = 521902D027610EDD00B62853 /* LaunchScreen.storyboard */; };
		52220F572761B87F00E3A666 /* DataManager.swift in Sources */ = {isa = PBXBuildFile; fileRef = 52220F562761B87F00E3A666 /* DataManager.swift */; };
		52220F5C2761C98400E3A666 /* DataJSON.swift in Sources */ = {isa = PBXBuildFile; fileRef = 52220F5B2761C98400E3A666 /* DataJSON.swift */; };
		52220F5E2761E11B00E3A666 /* TableViewController.swift in Sources */ = {isa = PBXBuildFile; fileRef = 52220F5D2761E11B00E3A666 /* TableViewController.swift */; };
		52476DCC2772F6CB001E1622 /* tinder2.xcdatamodeld in Sources */ = {isa = PBXBuildFile; fileRef = 52476DCA2772F6CB001E1622 /* tinder2.xcdatamodeld */; };
		52476DCF2772F7A2001E1622 /* Person+CoreDataClass.swift in Sources */ = {isa = PBXBuildFile; fileRef = 52476DCD2772F7A2001E1622 /* Person+CoreDataClass.swift */; };
		52476DD02772F7A2001E1622 /* Person+CoreDataProperties.swift in Sources */ = {isa = PBXBuildFile; fileRef = 52476DCE2772F7A2001E1622 /* Person+CoreDataProperties.swift */; };
		524C993627647B5F004672E1 /* DataModel.swift in Sources */ = {isa = PBXBuildFile; fileRef = 524C993527647B5F004672E1 /* DataModel.swift */; };
		52B7DB8E2774298500AD0DFA /* PersistenceStorage.swift in Sources */ = {isa = PBXBuildFile; fileRef = 52B7DB8D2774298500AD0DFA /* PersistenceStorage.swift */; };
		52D8AFF5276F932300458BC8 /* SortTableViewController.swift in Sources */ = {isa = PBXBuildFile; fileRef = 52D8AFF4276F932300458BC8 /* SortTableViewController.swift */; };
		52EB236727627AFE00D191CD /* TableViewCell.swift in Sources */ = {isa = PBXBuildFile; fileRef = 52EB236627627AFE00D191CD /* TableViewCell.swift */; };
/* End PBXBuildFile section */

/* Begin PBXFileReference section */
		520F6E092772540A0004ABDA /* SortTableViewCell.swift */ = {isa = PBXFileReference; lastKnownFileType = sourcecode.swift; path = SortTableViewCell.swift; sourceTree = "<group>"; };
		521902BF27610EDC00B62853 /* tinder.app */ = {isa = PBXFileReference; explicitFileType = wrapper.application; includeInIndex = 0; path = tinder.app; sourceTree = BUILT_PRODUCTS_DIR; };
		521902C227610EDD00B62853 /* AppDelegate.swift */ = {isa = PBXFileReference; lastKnownFileType = sourcecode.swift; path = AppDelegate.swift; sourceTree = "<group>"; };
		521902C427610EDD00B62853 /* SceneDelegate.swift */ = {isa = PBXFileReference; lastKnownFileType = sourcecode.swift; path = SceneDelegate.swift; sourceTree = "<group>"; };
		521902C627610EDD00B62853 /* ViewController.swift */ = {isa = PBXFileReference; lastKnownFileType = sourcecode.swift; path = ViewController.swift; sourceTree = "<group>"; };
		521902C927610EDD00B62853 /* Base */ = {isa = PBXFileReference; lastKnownFileType = file.storyboard; name = Base; path = Base.lproj/Main.storyboard; sourceTree = "<group>"; };
		521902CE27610EDD00B62853 /* Assets.xcassets */ = {isa = PBXFileReference; lastKnownFileType = folder.assetcatalog; path = Assets.xcassets; sourceTree = "<group>"; };
		521902D127610EDD00B62853 /* Base */ = {isa = PBXFileReference; lastKnownFileType = file.storyboard; name = Base; path = Base.lproj/LaunchScreen.storyboard; sourceTree = "<group>"; };
		521902D327610EDD00B62853 /* Info.plist */ = {isa = PBXFileReference; lastKnownFileType = text.plist.xml; path = Info.plist; sourceTree = "<group>"; };
		52220F562761B87F00E3A666 /* DataManager.swift */ = {isa = PBXFileReference; lastKnownFileType = sourcecode.swift; path = DataManager.swift; sourceTree = "<group>"; };
		52220F5B2761C98400E3A666 /* DataJSON.swift */ = {isa = PBXFileReference; lastKnownFileType = sourcecode.swift; path = DataJSON.swift; sourceTree = "<group>"; };
		52220F5D2761E11B00E3A666 /* TableViewController.swift */ = {isa = PBXFileReference; lastKnownFileType = sourcecode.swift; path = TableViewController.swift; sourceTree = "<group>"; };
		52476DCB2772F6CB001E1622 /* tinder2.xcdatamodel */ = {isa = PBXFileReference; lastKnownFileType = wrapper.xcdatamodel; path = tinder2.xcdatamodel; sourceTree = "<group>"; };
		52476DCD2772F7A2001E1622 /* Person+CoreDataClass.swift */ = {isa = PBXFileReference; lastKnownFileType = sourcecode.swift; path = "Person+CoreDataClass.swift"; sourceTree = "<group>"; };
		52476DCE2772F7A2001E1622 /* Person+CoreDataProperties.swift */ = {isa = PBXFileReference; lastKnownFileType = sourcecode.swift; path = "Person+CoreDataProperties.swift"; sourceTree = "<group>"; };
		524C993527647B5F004672E1 /* DataModel.swift */ = {isa = PBXFileReference; lastKnownFileType = sourcecode.swift; path = DataModel.swift; sourceTree = "<group>"; };
		52B7DB8D2774298500AD0DFA /* PersistenceStorage.swift */ = {isa = PBXFileReference; lastKnownFileType = sourcecode.swift; path = PersistenceStorage.swift; sourceTree = "<group>"; };
		52D8AFF4276F932300458BC8 /* SortTableViewController.swift */ = {isa = PBXFileReference; lastKnownFileType = sourcecode.swift; path = SortTableViewController.swift; sourceTree = "<group>"; };
		52EB236627627AFE00D191CD /* TableViewCell.swift */ = {isa = PBXFileReference; lastKnownFileType = sourcecode.swift; path = TableViewCell.swift; sourceTree = "<group>"; };
/* End PBXFileReference section */

/* Begin PBXFrameworksBuildPhase section */
		521902BC27610EDC00B62853 /* Frameworks */ = {
			isa = PBXFrameworksBuildPhase;
			buildActionMask = 2147483647;
			files = (
			);
			runOnlyForDeploymentPostprocessing = 0;
		};
/* End PBXFrameworksBuildPhase section */

/* Begin PBXGroup section */
		521902B627610EDC00B62853 = {
			isa = PBXGroup;
			children = (
				52476DCD2772F7A2001E1622 /* Person+CoreDataClass.swift */,
				52476DCE2772F7A2001E1622 /* Person+CoreDataProperties.swift */,
				521902C127610EDC00B62853 /* tinder */,
				521902C027610EDC00B62853 /* Products */,
			);
			sourceTree = "<group>";
		};
		521902C027610EDC00B62853 /* Products */ = {
			isa = PBXGroup;
			children = (
				521902BF27610EDC00B62853 /* tinder.app */,
			);
			name = Products;
			sourceTree = "<group>";
		};
		521902C127610EDC00B62853 /* tinder */ = {
			isa = PBXGroup;
			children = (
				521902C227610EDD00B62853 /* AppDelegate.swift */,
				521902C427610EDD00B62853 /* SceneDelegate.swift */,
				52220F5A2761C96A00E3A666 /* model */,
				52220F592761C95800E3A666 /* view */,
				52220F582761C94C00E3A666 /* controller */,
				521902CE27610EDD00B62853 /* Assets.xcassets */,
				521902D027610EDD00B62853 /* LaunchScreen.storyboard */,
				521902D327610EDD00B62853 /* Info.plist */,
				52476DCA2772F6CB001E1622 /* tinder2.xcdatamodeld */,
			);
			path = tinder;
			sourceTree = "<group>";
		};
		52220F582761C94C00E3A666 /* controller */ = {
			isa = PBXGroup;
			children = (
				521902C627610EDD00B62853 /* ViewController.swift */,
				52220F5D2761E11B00E3A666 /* TableViewController.swift */,
				52EB236627627AFE00D191CD /* TableViewCell.swift */,
				52D8AFF4276F932300458BC8 /* SortTableViewController.swift */,
				520F6E092772540A0004ABDA /* SortTableViewCell.swift */,
			);
			path = controller;
			sourceTree = "<group>";
		};
		52220F592761C95800E3A666 /* view */ = {
			isa = PBXGroup;
			children = (
				521902C827610EDD00B62853 /* Main.storyboard */,
			);
			path = view;
			sourceTree = "<group>";
		};
		52220F5A2761C96A00E3A666 /* model */ = {
			isa = PBXGroup;
			children = (
				52B7DB8D2774298500AD0DFA /* PersistenceStorage.swift */,
				52220F562761B87F00E3A666 /* DataManager.swift */,
				52220F5B2761C98400E3A666 /* DataJSON.swift */,
				524C993527647B5F004672E1 /* DataModel.swift */,
			);
			path = model;
			sourceTree = "<group>";
		};
/* End PBXGroup section */

/* Begin PBXNativeTarget section */
		521902BE27610EDC00B62853 /* tinder */ = {
			isa = PBXNativeTarget;
			buildConfigurationList = 521902D627610EDD00B62853 /* Build configuration list for PBXNativeTarget "tinder" */;
			buildPhases = (
				521902BB27610EDC00B62853 /* Sources */,
				521902BC27610EDC00B62853 /* Frameworks */,
				521902BD27610EDC00B62853 /* Resources */,
			);
			buildRules = (
			);
			dependencies = (
			);
			name = tinder;
			productName = tinder;
			productReference = 521902BF27610EDC00B62853 /* tinder.app */;
			productType = "com.apple.product-type.application";
		};
/* End PBXNativeTarget section */

/* Begin PBXProject section */
		521902B727610EDC00B62853 /* Project object */ = {
			isa = PBXProject;
			attributes = {
				LastSwiftUpdateCheck = 1250;
				LastUpgradeCheck = 1250;
				TargetAttributes = {
					521902BE27610EDC00B62853 = {
						CreatedOnToolsVersion = 12.5;
					};
				};
			};
			buildConfigurationList = 521902BA27610EDC00B62853 /* Build configuration list for PBXProject "tinder" */;
			compatibilityVersion = "Xcode 9.3";
			developmentRegion = en;
			hasScannedForEncodings = 0;
			knownRegions = (
				en,
				Base,
			);
			mainGroup = 521902B627610EDC00B62853;
			productRefGroup = 521902C027610EDC00B62853 /* Products */;
			projectDirPath = "";
			projectRoot = "";
			targets = (
				521902BE27610EDC00B62853 /* tinder */,
			);
		};
/* End PBXProject section */

/* Begin PBXResourcesBuildPhase section */
		521902BD27610EDC00B62853 /* Resources */ = {
			isa = PBXResourcesBuildPhase;
			buildActionMask = 2147483647;
			files = (
				521902D227610EDD00B62853 /* LaunchScreen.storyboard in Resources */,
				521902CF27610EDD00B62853 /* Assets.xcassets in Resources */,
				521902CA27610EDD00B62853 /* Main.storyboard in Resources */,
			);
			runOnlyForDeploymentPostprocessing = 0;
		};
/* End PBXResourcesBuildPhase section */

/* Begin PBXSourcesBuildPhase section */
		521902BB27610EDC00B62853 /* Sources */ = {
			isa = PBXSourcesBuildPhase;
			buildActionMask = 2147483647;
			files = (
				52476DD02772F7A2001E1622 /* Person+CoreDataProperties.swift in Sources */,
				521902C727610EDD00B62853 /* ViewController.swift in Sources */,
				52EB236727627AFE00D191CD /* TableViewCell.swift in Sources */,
				524C993627647B5F004672E1 /* DataModel.swift in Sources */,
				520F6E0A2772540A0004ABDA /* SortTableViewCell.swift in Sources */,
				52476DCC2772F6CB001E1622 /* tinder2.xcdatamodeld in Sources */,
				52220F5C2761C98400E3A666 /* DataJSON.swift in Sources */,
				52220F572761B87F00E3A666 /* DataManager.swift in Sources */,
				52220F5E2761E11B00E3A666 /* TableViewController.swift in Sources */,
				521902C327610EDD00B62853 /* AppDelegate.swift in Sources */,
				521902C527610EDD00B62853 /* SceneDelegate.swift in Sources */,
				52B7DB8E2774298500AD0DFA /* PersistenceStorage.swift in Sources */,
				52476DCF2772F7A2001E1622 /* Person+CoreDataClass.swift in Sources */,
				52D8AFF5276F932300458BC8 /* SortTableViewController.swift in Sources */,
			);
			runOnlyForDeploymentPostprocessing = 0;
		};
/* End PBXSourcesBuildPhase section */

/* Begin PBXVariantGroup section */
		521902C827610EDD00B62853 /* Main.storyboard */ = {
			isa = PBXVariantGroup;
			children = (
				521902C927610EDD00B62853 /* Base */,
			);
			name = Main.storyboard;
			sourceTree = "<group>";
		};
		521902D027610EDD00B62853 /* LaunchScreen.storyboard */ = {
			isa = PBXVariantGroup;
			children = (
				521902D127610EDD00B62853 /* Base */,
			);
			name = LaunchScreen.storyboard;
			sourceTree = "<group>";
		};
/* End PBXVariantGroup section */

/* Begin XCBuildConfiguration section */
		521902D427610EDD00B62853 /* Debug */ = {
			isa = XCBuildConfiguration;
			buildSettings = {
				ALWAYS_SEARCH_USER_PATHS = NO;
				CLANG_ANALYZER_NONNULL = YES;
				CLANG_ANALYZER_NUMBER_OBJECT_CONVERSION = YES_AGGRESSIVE;
				CLANG_CXX_LANGUAGE_STANDARD = "gnu++14";
				CLANG_CXX_LIBRARY = "libc++";
				CLANG_ENABLE_MODULES = YES;
				CLANG_ENABLE_OBJC_ARC = YES;
				CLANG_ENABLE_OBJC_WEAK = YES;
				CLANG_WARN_BLOCK_CAPTURE_AUTORELEASING = YES;
				CLANG_WARN_BOOL_CONVERSION = YES;
				CLANG_WARN_COMMA = YES;
				CLANG_WARN_CONSTANT_CONVERSION = YES;
				CLANG_WARN_DEPRECATED_OBJC_IMPLEMENTATIONS = YES;
				CLANG_WARN_DIRECT_OBJC_ISA_USAGE = YES_ERROR;
				CLANG_WARN_DOCUMENTATION_COMMENTS = YES;
				CLANG_WARN_EMPTY_BODY = YES;
				CLANG_WARN_ENUM_CONVERSION = YES;
				CLANG_WARN_INFINITE_RECURSION = YES;
				CLANG_WARN_INT_CONVERSION = YES;
				CLANG_WARN_NON_LITERAL_NULL_CONVERSION = YES;
				CLANG_WARN_OBJC_IMPLICIT_RETAIN_SELF = YES;
				CLANG_WARN_OBJC_LITERAL_CONVERSION = YES;
				CLANG_WARN_OBJC_ROOT_CLASS = YES_ERROR;
				CLANG_WARN_QUOTED_INCLUDE_IN_FRAMEWORK_HEADER = YES;
				CLANG_WARN_RANGE_LOOP_ANALYSIS = YES;
				CLANG_WARN_STRICT_PROTOTYPES = YES;
				CLANG_WARN_SUSPICIOUS_MOVE = YES;
				CLANG_WARN_UNGUARDED_AVAILABILITY = YES_AGGRESSIVE;
				CLANG_WARN_UNREACHABLE_CODE = YES;
				CLANG_WARN__DUPLICATE_METHOD_MATCH = YES;
				COPY_PHASE_STRIP = NO;
				DEBUG_INFORMATION_FORMAT = dwarf;
				ENABLE_STRICT_OBJC_MSGSEND = YES;
				ENABLE_TESTABILITY = YES;
				GCC_C_LANGUAGE_STANDARD = gnu11;
				GCC_DYNAMIC_NO_PIC = NO;
				GCC_NO_COMMON_BLOCKS = YES;
				GCC_OPTIMIZATION_LEVEL = 0;
				GCC_PREPROCESSOR_DEFINITIONS = (
					"DEBUG=1",
					"$(inherited)",
				);
				GCC_WARN_64_TO_32_BIT_CONVERSION = YES;
				GCC_WARN_ABOUT_RETURN_TYPE = YES_ERROR;
				GCC_WARN_UNDECLARED_SELECTOR = YES;
				GCC_WARN_UNINITIALIZED_AUTOS = YES_AGGRESSIVE;
				GCC_WARN_UNUSED_FUNCTION = YES;
				GCC_WARN_UNUSED_VARIABLE = YES;
				IPHONEOS_DEPLOYMENT_TARGET = 14.5;
				MTL_ENABLE_DEBUG_INFO = INCLUDE_SOURCE;
				MTL_FAST_MATH = YES;
				ONLY_ACTIVE_ARCH = YES;
				SDKROOT = iphoneos;
				SWIFT_ACTIVE_COMPILATION_CONDITIONS = DEBUG;
				SWIFT_OPTIMIZATION_LEVEL = "-Onone";
			};
			name = Debug;
		};
		521902D527610EDD00B62853 /* Release */ = {
			isa = XCBuildConfiguration;
			buildSettings = {
				ALWAYS_SEARCH_USER_PATHS = NO;
				CLANG_ANALYZER_NONNULL = YES;
				CLANG_ANALYZER_NUMBER_OBJECT_CONVERSION = YES_AGGRESSIVE;
				CLANG_CXX_LANGUAGE_STANDARD = "gnu++14";
				CLANG_CXX_LIBRARY = "libc++";
				CLANG_ENABLE_MODULES = YES;
				CLANG_ENABLE_OBJC_ARC = YES;
				CLANG_ENABLE_OBJC_WEAK = YES;
				CLANG_WARN_BLOCK_CAPTURE_AUTORELEASING = YES;
				CLANG_WARN_BOOL_CONVERSION = YES;
				CLANG_WARN_COMMA = YES;
				CLANG_WARN_CONSTANT_CONVERSION = YES;
				CLANG_WARN_DEPRECATED_OBJC_IMPLEMENTATIONS = YES;
				CLANG_WARN_DIRECT_OBJC_ISA_USAGE = YES_ERROR;
				CLANG_WARN_DOCUMENTATION_COMMENTS = YES;
				CLANG_WARN_EMPTY_BODY = YES;
				CLANG_WARN_ENUM_CONVERSION = YES;
				CLANG_WARN_INFINITE_RECURSION = YES;
				CLANG_WARN_INT_CONVERSION = YES;
				CLANG_WARN_NON_LITERAL_NULL_CONVERSION = YES;
				CLANG_WARN_OBJC_IMPLICIT_RETAIN_SELF = YES;
				CLANG_WARN_OBJC_LITERAL_CONVERSION = YES;
				CLANG_WARN_OBJC_ROOT_CLASS = YES_ERROR;
				CLANG_WARN_QUOTED_INCLUDE_IN_FRAMEWORK_HEADER = YES;
				CLANG_WARN_RANGE_LOOP_ANALYSIS = YES;
				CLANG_WARN_STRICT_PROTOTYPES = YES;
				CLANG_WARN_SUSPICIOUS_MOVE = YES;
				CLANG_WARN_UNGUARDED_AVAILABILITY = YES_AGGRESSIVE;
				CLANG_WARN_UNREACHABLE_CODE = YES;
				CLANG_WARN__DUPLICATE_METHOD_MATCH = YES;
				COPY_PHASE_STRIP = NO;
				DEBUG_INFORMATION_FORMAT = "dwarf-with-dsym";
				ENABLE_NS_ASSERTIONS = NO;
				ENABLE_STRICT_OBJC_MSGSEND = YES;
				GCC_C_LANGUAGE_STANDARD = gnu11;
				GCC_NO_COMMON_BLOCKS = YES;
				GCC_WARN_64_TO_32_BIT_CONVERSION = YES;
				GCC_WARN_ABOUT_RETURN_TYPE = YES_ERROR;
				GCC_WARN_UNDECLARED_SELECTOR = YES;
				GCC_WARN_UNINITIALIZED_AUTOS = YES_AGGRESSIVE;
				GCC_WARN_UNUSED_FUNCTION = YES;
				GCC_WARN_UNUSED_VARIABLE = YES;
				IPHONEOS_DEPLOYMENT_TARGET = 14.5;
				MTL_ENABLE_DEBUG_INFO = NO;
				MTL_FAST_MATH = YES;
				SDKROOT = iphoneos;
				SWIFT_COMPILATION_MODE = wholemodule;
				SWIFT_OPTIMIZATION_LEVEL = "-O";
				VALIDATE_PRODUCT = YES;
			};
			name = Release;
		};
		521902D727610EDD00B62853 /* Debug */ = {
			isa = XCBuildConfiguration;
			buildSettings = {
				ASSETCATALOG_COMPILER_APPICON_NAME = AppIcon;
				ASSETCATALOG_COMPILER_GLOBAL_ACCENT_COLOR_NAME = AccentColor;
				CODE_SIGN_STYLE = Automatic;
				DEVELOPMENT_TEAM = L98LHFD4W7;
				INFOPLIST_FILE = tinder/Info.plist;
				LD_RUNPATH_SEARCH_PATHS = (
					"$(inherited)",
					"@executable_path/Frameworks",
				);
				PRODUCT_BUNDLE_IDENTIFIER = com.example.tinder;
				PRODUCT_NAME = "$(TARGET_NAME)";
				SWIFT_VERSION = 5.0;
				TARGETED_DEVICE_FAMILY = "1,2";
			};
			name = Debug;
		};
		521902D827610EDD00B62853 /* Release */ = {
			isa = XCBuildConfiguration;
			buildSettings = {
				ASSETCATALOG_COMPILER_APPICON_NAME = AppIcon;
				ASSETCATALOG_COMPILER_GLOBAL_ACCENT_COLOR_NAME = AccentColor;
				CODE_SIGN_STYLE = Automatic;
				DEVELOPMENT_TEAM = L98LHFD4W7;
				INFOPLIST_FILE = tinder/Info.plist;
				LD_RUNPATH_SEARCH_PATHS = (
					"$(inherited)",
					"@executable_path/Frameworks",
				);
				PRODUCT_BUNDLE_IDENTIFIER = com.example.tinder;
				PRODUCT_NAME = "$(TARGET_NAME)";
				SWIFT_VERSION = 5.0;
				TARGETED_DEVICE_FAMILY = "1,2";
			};
			name = Release;
		};
/* End XCBuildConfiguration section */

/* Begin XCConfigurationList section */
		521902BA27610EDC00B62853 /* Build configuration list for PBXProject "tinder" */ = {
			isa = XCConfigurationList;
			buildConfigurations = (
				521902D427610EDD00B62853 /* Debug */,
				521902D527610EDD00B62853 /* Release */,
			);
			defaultConfigurationIsVisible = 0;
			defaultConfigurationName = Release;
		};
		521902D627610EDD00B62853 /* Build configuration list for PBXNativeTarget "tinder" */ = {
			isa = XCConfigurationList;
			buildConfigurations = (
				521902D727610EDD00B62853 /* Debug */,
				521902D827610EDD00B62853 /* Release */,
			);
			defaultConfigurationIsVisible = 0;
			defaultConfigurationName = Release;
		};
/* End XCConfigurationList section */

/* Begin XCVersionGroup section */
		52476DCA2772F6CB001E1622 /* tinder2.xcdatamodeld */ = {
			isa = XCVersionGroup;
			children = (
				52476DCB2772F6CB001E1622 /* tinder2.xcdatamodel */,
			);
			currentVersion = 52476DCB2772F6CB001E1622 /* tinder2.xcdatamodel */;
			path = tinder2.xcdatamodeld;
			sourceTree = "<group>";
			versionGroupType = wrapper.xcdatamodel;
		};
/* End XCVersionGroup section */
	};
	rootObject = 521902B727610EDC00B62853 /* Project object */;
}
